
Microsoft Visual Studio Solution File, Format Version 12.00
# Visual Studio Express 2013 for Windows Desktop
VisualStudioVersion = 12.0.21005.1
MinimumVisualStudioVersion = 10.0.40219.1
Project("{FAE04EC0-301F-11D3-BF4B-00C04F79EFBC}") = "ECE549ProjectFall2014", "ECE549ProjectFall2014\ECE549ProjectFall2014.csproj", "{847EE9A1-B7A6-41B1-A9C8-26FD5BC9524A}"
EndProject
Global
	GlobalSection(SolutionConfigurationPlatforms) = preSolution
		Debug|Any CPU = Debug|Any CPU
		Release|Any CPU = Release|Any CPU
	EndGlobalSection
	GlobalSection(ProjectConfigurationPlatforms) = postSolution
		{847EE9A1-B7A6-41B1-A9C8-26FD5BC9524A}.Debug|Any CPU.ActiveCfg = Debug|Any CPU
		{847EE9A1-B7A6-41B1-A9C8-26FD5BC9524A}.Debug|Any CPU.Build.0 = Debug|Any CPU
		{847EE9A1-B7A6-41B1-A9C8-26FD5BC9524A}.Release|Any CPU.ActiveCfg = Release|Any CPU
		{847EE9A1-B7A6-41B1-A9C8-26FD5BC9524A}.Release|Any CPU.Build.0 = Release|Any CPU
	EndGlobalSection
	GlobalSection(SolutionProperties) = preSolution
		HideSolutionNode = FALSE
	EndGlobalSection
EndGlobal
